// !$*UTF8*$!
{
	archiveVersion = 1;
	classes = {
	};
	objectVersion = 46;
	objects = {

/* Begin PBXBuildFile section */
		539206041B5357A3005E1216 /* main.m in Sources */ = {isa = PBXBuildFile; fileRef = 539206031B5357A3005E1216 /* main.m */; };
		539206071B5357A3005E1216 /* AppDelegate.m in Sources */ = {isa = PBXBuildFile; fileRef = 539206061B5357A3005E1216 /* AppDelegate.m */; };
		5392060A1B5357A3005E1216 /* ViewController.m in Sources */ = {isa = PBXBuildFile; fileRef = 539206091B5357A3005E1216 /* ViewController.m */; };
		5392060D1B5357A3005E1216 /* Main.storyboard in Resources */ = {isa = PBXBuildFile; fileRef = 5392060B1B5357A3005E1216 /* Main.storyboard */; };
		5392060F1B5357A3005E1216 /* Images.xcassets in Resources */ = {isa = PBXBuildFile; fileRef = 5392060E1B5357A3005E1216 /* Images.xcassets */; };
		539206121B5357A3005E1216 /* LaunchScreen.xib in Resources */ = {isa = PBXBuildFile; fileRef = 539206101B5357A3005E1216 /* LaunchScreen.xib */; };
		5392061E1B5357A3005E1216 /* ARGBOperationTests.m in Sources */ = {isa = PBXBuildFile; fileRef = 5392061D1B5357A3005E1216 /* ARGBOperationTests.m */; };
/* End PBXBuildFile section */

/* Begin PBXContainerItemProxy section */
		539206181B5357A3005E1216 /* PBXContainerItemProxy */ = {
			isa = PBXContainerItemProxy;
			containerPortal = 539205F61B5357A3005E1216 /* Project object */;
			proxyType = 1;
			remoteGlobalIDString = 539205FD1B5357A3005E1216;
			remoteInfo = ARGBOperation;
		};
/* End PBXContainerItemProxy section */

/* Begin PBXFileReference section */
		539205FE1B5357A3005E1216 /* ARGBOperation.app */ = {isa = PBXFileReference; explicitFileType = wrapper.application; includeInIndex = 0; path = ARGBOperation.app; sourceTree = BUILT_PRODUCTS_DIR; };
		539206021B5357A3005E1216 /* Info.plist */ = {isa = PBXFileReference; lastKnownFileType = text.plist.xml; path = Info.plist; sourceTree = "<group>"; };
		539206031B5357A3005E1216 /* main.m */ = {isa = PBXFileReference; lastKnownFileType = sourcecode.c.objc; path = main.m; sourceTree = "<group>"; };
		539206051B5357A3005E1216 /* AppDelegate.h */ = {isa = PBXFileReference; lastKnownFileType = sourcecode.c.h; path = AppDelegate.h; sourceTree = "<group>"; };
		539206061B5357A3005E1216 /* AppDelegate.m */ = {isa = PBXFileReference; lastKnownFileType = sourcecode.c.objc; path = AppDelegate.m; sourceTree = "<group>"; };
		539206081B5357A3005E1216 /* ViewController.h */ = {isa = PBXFileReference; lastKnownFileType = sourcecode.c.h; path = ViewController.h; sourceTree = "<group>"; };
		539206091B5357A3005E1216 /* ViewController.m */ = {isa = PBXFileReference; lastKnownFileType = sourcecode.c.objc; path = ViewController.m; sourceTree = "<group>"; };
		5392060C1B5357A3005E1216 /* Base */ = {isa = PBXFileReference; lastKnownFileType = file.storyboard; name = Base; path = Base.lproj/Main.storyboard; sourceTree = "<group>"; };
		5392060E1B5357A3005E1216 /* Images.xcassets */ = {isa = PBXFileReference; lastKnownFileType = folder.assetcatalog; path = Images.xcassets; sourceTree = "<group>"; };
		539206111B5357A3005E1216 /* Base */ = {isa = PBXFileReference; lastKnownFileType = file.xib; name = Base; path = Base.lproj/LaunchScreen.xib; sourceTree = "<group>"; };
		539206171B5357A3005E1216 /* ARGBOperationTests.xctest */ = {isa = PBXFileReference; explicitFileType = wrapper.cfbundle; includeInIndex = 0; path = ARGBOperationTests.xctest; sourceTree = BUILT_PRODUCTS_DIR; };
		5392061C1B5357A3005E1216 /* Info.plist */ = {isa = PBXFileReference; lastKnownFileType = text.plist.xml; path = Info.plist; sourceTree = "<group>"; };
		5392061D1B5357A3005E1216 /* ARGBOperationTests.m */ = {isa = PBXFileReference; lastKnownFileType = sourcecode.c.objc; path = ARGBOperationTests.m; sourceTree = "<group>"; };
/* End PBXFileReference section */

/* Begin PBXFrameworksBuildPhase section */
		539205FB1B5357A3005E1216 /* Frameworks */ = {
			isa = PBXFrameworksBuildPhase;
			buildActionMask = 2147483647;
			files = (
			);
			runOnlyForDeploymentPostprocessing = 0;
		};
		539206141B5357A3005E1216 /* Frameworks */ = {
			isa = PBXFrameworksBuildPhase;
			buildActionMask = 2147483647;
			files = (
			);
			runOnlyForDeploymentPostprocessing = 0;
		};
/* End PBXFrameworksBuildPhase section */

/* Begin PBXGroup section */
		539205F51B5357A3005E1216 = {
			isa = PBXGroup;
			children = (
				539206001B5357A3005E1216 /* ARGBOperation */,
				5392061A1B5357A3005E1216 /* ARGBOperationTests */,
				539205FF1B5357A3005E1216 /* Products */,
			);
			sourceTree = "<group>";
		};
		539205FF1B5357A3005E1216 /* Products */ = {
			isa = PBXGroup;
			children = (
				539205FE1B5357A3005E1216 /* ARGBOperation.app */,
				539206171B5357A3005E1216 /* ARGBOperationTests.xctest */,
			);
			name = Products;
			sourceTree = "<group>";
		};
		539206001B5357A3005E1216 /* ARGBOperation */ = {
			isa = PBXGroup;
			children = (
				539206051B5357A3005E1216 /* AppDelegate.h */,
				539206061B5357A3005E1216 /* AppDelegate.m */,
				539206081B5357A3005E1216 /* ViewController.h */,
				539206091B5357A3005E1216 /* ViewController.m */,
				5392060B1B5357A3005E1216 /* Main.storyboard */,
				5392060E1B5357A3005E1216 /* Images.xcassets */,
				539206101B5357A3005E1216 /* LaunchScreen.xib */,
				539206011B5357A3005E1216 /* Supporting Files */,
			);
			path = ARGBOperation;
			sourceTree = "<group>";
		};
		539206011B5357A3005E1216 /* Supporting Files */ = {
			isa = PBXGroup;
			children = (
				539206021B5357A3005E1216 /* Info.plist */,
				539206031B5357A3005E1216 /* main.m */,
			);
			name = "Supporting Files";
			sourceTree = "<group>";
		};
		5392061A1B5357A3005E1216 /* ARGBOperationTests */ = {
			isa = PBXGroup;
			children = (
				5392061D1B5357A3005E1216 /* ARGBOperationTests.m */,
				5392061B1B5357A3005E1216 /* Supporting Files */,
			);
			path = ARGBOperationTests;
			sourceTree = "<group>";
		};
		5392061B1B5357A3005E1216 /* Supporting Files */ = {
			isa = PBXGroup;
			children = (
				5392061C1B5357A3005E1216 /* Info.plist */,
			);
			name = "Supporting Files";
			sourceTree = "<group>";
		};
/* End PBXGroup section */

/* Begin PBXNativeTarget section */
		539205FD1B5357A3005E1216 /* ARGBOperation */ = {
			isa = PBXNativeTarget;
			buildConfigurationList = 539206211B5357A3005E1216 /* Build configuration list for PBXNativeTarget "ARGBOperation" */;
			buildPhases = (
				539205FA1B5357A3005E1216 /* Sources */,
				539205FB1B5357A3005E1216 /* Frameworks */,
				539205FC1B5357A3005E1216 /* Resources */,
			);
			buildRules = (
			);
			dependencies = (
			);
			name = ARGBOperation;
			productName = ARGBOperation;
			productReference = 539205FE1B5357A3005E1216 /* ARGBOperation.app */;
			productType = "com.apple.product-type.application";
		};
		539206161B5357A3005E1216 /* ARGBOperationTests */ = {
			isa = PBXNativeTarget;
			buildConfigurationList = 539206241B5357A3005E1216 /* Build configuration list for PBXNativeTarget "ARGBOperationTests" */;
			buildPhases = (
				539206131B5357A3005E1216 /* Sources */,
				539206141B5357A3005E1216 /* Frameworks */,
				539206151B5357A3005E1216 /* Resources */,
			);
			buildRules = (
			);
			dependencies = (
				539206191B5357A3005E1216 /* PBXTargetDependency */,
			);
			name = ARGBOperationTests;
			productName = ARGBOperationTests;
			productReference = 539206171B5357A3005E1216 /* ARGBOperationTests.xctest */;
			productType = "com.apple.product-type.bundle.unit-test";
		};
/* End PBXNativeTarget section */

/* Begin PBXProject section */
		539205F61B5357A3005E1216 /* Project object */ = {
			isa = PBXProject;
			attributes = {
				LastUpgradeCheck = 0640;
				ORGANIZATIONNAME = wangzhong;
				TargetAttributes = {
					539205FD1B5357A3005E1216 = {
						CreatedOnToolsVersion = 6.4;
					};
					539206161B5357A3005E1216 = {
						CreatedOnToolsVersion = 6.4;
						TestTargetID = 539205FD1B5357A3005E1216;
					};
				};
			};
			buildConfigurationList = 539205F91B5357A3005E1216 /* Build configuration list for PBXProject "ARGBOperation" */;
			compatibilityVersion = "Xcode 3.2";
			developmentRegion = English;
			hasScannedForEncodings = 0;
			knownRegions = (
				en,
				Base,
			);
			mainGroup = 539205F51B5357A3005E1216;
			productRefGroup = 539205FF1B5357A3005E1216 /* Products */;
			projectDirPath = "";
			projectRoot = "";
			targets = (
				539205FD1B5357A3005E1216 /* ARGBOperation */,
				539206161B5357A3005E1216 /* ARGBOperationTests */,
			);
		};
/* End PBXProject section */

/* Begin PBXResourcesBuildPhase section */
		539205FC1B5357A3005E1216 /* Resources */ = {
			isa = PBXResourcesBuildPhase;
			buildActionMask = 2147483647;
			files = (
				5392060D1B5357A3005E1216 /* Main.storyboard in Resources */,
				539206121B5357A3005E1216 /* LaunchScreen.xib in Resources */,
				5392060F1B5357A3005E1216 /* Images.xcassets in Resources */,
			);
			runOnlyForDeploymentPostprocessing = 0;
		};
		539206151B5357A3005E1216 /* Resources */ = {
			isa = PBXResourcesBuildPhase;
			buildActionMask = 2147483647;
			files = (
			);
			runOnlyForDeploymentPostprocessing = 0;
		};
/* End PBXResourcesBuildPhase section */

/* Begin PBXSourcesBuildPhase section */
		539205FA1B5357A3005E1216 /* Sources */ = {
			isa = PBXSourcesBuildPhase;
			buildActionMask = 2147483647;
			files = (
				5392060A1B5357A3005E1216 /* ViewController.m in Sources */,
				539206071B5357A3005E1216 /* AppDelegate.m in Sources */,
				539206041B5357A3005E1216 /* main.m in Sources */,
			);
			runOnlyForDeploymentPostprocessing = 0;
		};
		539206131B5357A3005E1216 /* Sources */ = {
			isa = PBXSourcesBuildPhase;
			buildActionMask = 2147483647;
			files = (
				5392061E1B5357A3005E1216 /* ARGBOperationTests.m in Sources */,
			);
			runOnlyForDeploymentPostprocessing = 0;
		};
/* End PBXSourcesBuildPhase section */

/* Begin PBXTargetDependency section */
		539206191B5357A3005E1216 /* PBXTargetDependency */ = {
			isa = PBXTargetDependency;
			target = 539205FD1B5357A3005E1216 /* ARGBOperation */;
			targetProxy = 539206181B5357A3005E1216 /* PBXContainerItemProxy */;
		};
/* End PBXTargetDependency section */

/* Begin PBXVariantGroup section */
		5392060B1B5357A3005E1216 /* Main.storyboard */ = {
			isa = PBXVariantGroup;
			children = (
				5392060C1B5357A3005E1216 /* Base */,
			);
			name = Main.storyboard;
			sourceTree = "<group>";
		};
		539206101B5357A3005E1216 /* LaunchScreen.xib */ = {
			isa = PBXVariantGroup;
			children = (
				539206111B5357A3005E1216 /* Base */,
			);
			name = LaunchScreen.xib;
			sourceTree = "<group>";
		};
/* End PBXVariantGroup section */

/* Begin XCBuildConfiguration section */
		5392061F1B5357A3005E1216 /* Debug */ = {
			isa = XCBuildConfiguration;
			buildSettings = {
				ALWAYS_SEARCH_USER_PATHS = NO;
				CLANG_CXX_LANGUAGE_STANDARD = "gnu++0x";
				CLANG_CXX_LIBRARY = "libc++";
				CLANG_ENABLE_MODULES = YES;
				CLANG_ENABLE_OBJC_ARC = YES;
				CLANG_WARN_BOOL_CONVERSION = YES;
				CLANG_WARN_CONSTANT_CONVERSION = YES;
				CLANG_WARN_DIRECT_OBJC_ISA_USAGE = YES_ERROR;
				CLANG_WARN_EMPTY_BODY = YES;
				CLANG_WARN_ENUM_CONVERSION = YES;
				CLANG_WARN_INT_CONVERSION = YES;
				CLANG_WARN_OBJC_ROOT_CLASS = YES_ERROR;
				CLANG_WARN_UNREACHABLE_CODE = YES;
				CLANG_WARN__DUPLICATE_METHOD_MATCH = YES;
				"CODE_SIGN_IDENTITY[sdk=iphoneos*]" = "iPhone Developer";
				COPY_PHASE_STRIP = NO;
				DEBUG_INFORMATION_FORMAT = "dwarf-with-dsym";
				ENABLE_STRICT_OBJC_MSGSEND = YES;
				GCC_C_LANGUAGE_STANDARD = gnu99;
				GCC_DYNAMIC_NO_PIC = NO;
				GCC_NO_COMMON_BLOCKS = YES;
				GCC_OPTIMIZATION_LEVEL = 0;
				GCC_PREPROCESSOR_DEFINITIONS = (
					"DEBUG=1",
					"$(inherited)",
				);
				GCC_SYMBOLS_PRIVATE_EXTERN = NO;
				GCC_WARN_64_TO_32_BIT_CONVERSION = YES;
				GCC_WARN_ABOUT_RETURN_TYPE = YES_ERROR;
				GCC_WARN_UNDECLARED_SELECTOR = YES;
				GCC_WARN_UNINITIALIZED_AUTOS = YES_AGGRESSIVE;
				GCC_WARN_UNUSED_FUNCTION = YES;
				GCC_WARN_UNUSED_VARIABLE = YES;
				IPHONEOS_DEPLOYMENT_TARGET = 8.4;
				MTL_ENABLE_DEBUG_INFO = YES;
				ONLY_ACTIVE_ARCH = YES;
				SDKROOT = iphoneos;
			};
			name = Debug;
		};
		539206201B5357A3005E1216 /* Release */ = {
			isa = XCBuildConfiguration;
			buildSettings = {
				ALWAYS_SEARCH_USER_PATHS = NO;
				CLANG_CXX_LANGUAGE_STANDARD = "gnu++0x";
				CLANG_CXX_LIBRARY = "libc++";
				CLANG_ENABLE_MODULES = YES;
				CLANG_ENABLE_OBJC_ARC = YES;
				CLANG_WARN_BOOL_CONVERSION = YES;
				CLANG_WARN_CONSTANT_CONVERSION = YES;
				CLANG_WARN_DIRECT_OBJC_ISA_USAGE = YES_ERROR;
				CLANG_WARN_EMPTY_BODY = YES;
				CLANG_WARN_ENUM_CONVERSION = YES;
				CLANG_WARN_INT_CONVERSION = YES;
				CLANG_WARN_OBJC_ROOT_CLASS = YES_ERROR;
				CLANG_WARN_UNREACHABLE_CODE = YES;
				CLANG_WARN__DUPLICATE_METHOD_MATCH = YES;
				"CODE_SIGN_IDENTITY[sdk=iphoneos*]" = "iPhone Developer";
				COPY_PHASE_STRIP = NO;
				DEBUG_INFORMATION_FORMAT = "dwarf-with-dsym";
				ENABLE_NS_ASSERTIONS = NO;
				ENABLE_STRICT_OBJC_MSGSEND = YES;
				GCC_C_LANGUAGE_STANDARD = gnu99;
				GCC_NO_COMMON_BLOCKS = YES;
				GCC_WARN_64_TO_32_BIT_CONVERSION = YES;
				GCC_WARN_ABOUT_RETURN_TYPE = YES_ERROR;
				GCC_WARN_UNDECLARED_SELECTOR = YES;
				GCC_WARN_UNINITIALIZED_AUTOS = YES_AGGRESSIVE;
				GCC_WARN_UNUSED_FUNCTION = YES;
				GCC_WARN_UNUSED_VARIABLE = YES;
				IPHONEOS_DEPLOYMENT_TARGET = 8.4;
				MTL_ENABLE_DEBUG_INFO = NO;
				SDKROOT = iphoneos;
				VALIDATE_PRODUCT = YES;
			};
			name = Release;
		};
		539206221B5357A3005E1216 /* Debug */ = {
			isa = XCBuildConfiguration;
			buildSettings = {
				ASSETCATALOG_COMPILER_APPICON_NAME = AppIcon;
				INFOPLIST_FILE = ARGBOperation/Info.plist;
				LD_RUNPATH_SEARCH_PATHS = "$(inherited) @executable_path/Frameworks";
				PRODUCT_NAME = "$(TARGET_NAME)";
			};
			name = Debug;
		};
		539206231B5357A3005E1216 /* Release */ = {
			isa = XCBuildConfiguration;
			buildSettings = {
				ASSETCATALOG_COMPILER_APPICON_NAME = AppIcon;
				INFOPLIST_FILE = ARGBOperation/Info.plist;
				LD_RUNPATH_SEARCH_PATHS = "$(inherited) @executable_path/Frameworks";
				PRODUCT_NAME = "$(TARGET_NAME)";
			};
			name = Release;
		};
		539206251B5357A3005E1216 /* Debug */ = {
			isa = XCBuildConfiguration;
			buildSettings = {
				BUNDLE_LOADER = "$(TEST_HOST)";
				FRAMEWORK_SEARCH_PATHS = (
					"$(SDKROOT)/Developer/Library/Frameworks",
					"$(inherited)",
				);
				GCC_PREPROCESSOR_DEFINITIONS = (
					"DEBUG=1",
					"$(inherited)",
				);
				INFOPLIST_FILE = ARGBOperationTests/Info.plist;
				LD_RUNPATH_SEARCH_PATHS = "$(inherited) @executable_path/Frameworks @loader_path/Frameworks";
				PRODUCT_NAME = "$(TARGET_NAME)";
				TEST_HOST = "$(BUILT_PRODUCTS_DIR)/ARGBOperation.app/ARGBOperation";
			};
			name = Debug;
		};
		539206261B5357A3005E1216 /* Release */ = {
			isa = XCBuildConfiguration;
			buildSettings = {
				BUNDLE_LOADER = "$(TEST_HOST)";
				FRAMEWORK_SEARCH_PATHS = (
					"$(SDKROOT)/Developer/Library/Frameworks",
					"$(inherited)",
				);
				INFOPLIST_FILE = ARGBOperationTests/Info.plist;
				LD_RUNPATH_SEARCH_PATHS = "$(inherited) @executable_path/Frameworks @loader_path/Frameworks";
				PRODUCT_NAME = "$(TARGET_NAME)";
				TEST_HOST = "$(BUILT_PRODUCTS_DIR)/ARGBOperation.app/ARGBOperation";
			};
			name = Release;
		};
/* End XCBuildConfiguration section */

/* Begin XCConfigurationList section */
		539205F91B5357A3005E1216 /* Build configuration list for PBXProject "ARGBOperation" */ = {
			isa = XCConfigurationList;
			buildConfigurations = (
				5392061F1B5357A3005E1216 /* Debug */,
				539206201B5357A3005E1216 /* Release */,
			);
			defaultConfigurationIsVisible = 0;
			defaultConfigurationName = Release;
		};
		539206211B5357A3005E1216 /* Build configuration list for PBXNativeTarget "ARGBOperation" */ = {
			isa = XCConfigurationList;
			buildConfigurations = (
				539206221B5357A3005E1216 /* Debug */,
				539206231B5357A3005E1216 /* Release */,
			);
			defaultConfigurationIsVisible = 0;
		};
		539206241B5357A3005E1216 /* Build configuration list for PBXNativeTarget "ARGBOperationTests" */ = {
			isa = XCConfigurationList;
			buildConfigurations = (
				539206251B5357A3005E1216 /* Debug */,
				539206261B5357A3005E1216 /* Release */,
			);
			defaultConfigurationIsVisible = 0;
		};
/* End XCConfigurationList section */
	};
	rootObject = 539205F61B5357A3005E1216 /* Project object */;
}
